
Microsoft Visual Studio Solution File, Format Version 12.00
# Visual Studio Version 16
VisualStudioVersion = 16.0.32929.386
MinimumVisualStudioVersion = 10.0.40219.1
Project("{8BC9CEB8-8B4A-11D0-8D11-00A0C91BC942}") = "tests_algrithms", "Tests\tests_algrithms\tests_algrithms.vcxproj", "{CA1FBDCC-453A-4318-8858-8A51D60261D1}"
EndProject
Project("{8BC9CEB8-8B4A-11D0-8D11-00A0C91BC942}") = "Algorithms", "EducationLibs\Algorithms\Algorithms.vcxproj", "{3917549A-462B-4032-9F66-AD80A48C0F85}"
EndProject
Project("{8BC9CEB8-8B4A-11D0-8D11-00A0C91BC942}") = "Threads", "EducationLibs\Threads\threads.vcxproj", "{DF7D0870-B369-44B5-B4CA-38D302534D8C}"
EndProject
Project("{2150E333-8FDC-42A3-9474-1A3956D46DE8}") = "Libs", "Libs", "{EE9423D6-879C-4BD7-A25B-8E404812717A}"
EndProject
Project("{2150E333-8FDC-42A3-9474-1A3956D46DE8}") = "Tests", "Tests", "{A01550A2-1299-40C4-87B9-70D813E10701}"
EndProject
Project("{8BC9CEB8-8B4A-11D0-8D11-00A0C91BC942}") = "SmartPointers", "EducationLibs\SmartPointers\SmartPointers.vcxproj", "{C24ACF7C-277B-43CC-83A3-1A9667D26A45}"
EndProject
Project("{8BC9CEB8-8B4A-11D0-8D11-00A0C91BC942}") = "test_smart_pointers", "Tests\tests_smart_pointers\test_smart_pointers.vcxproj", "{7DAE2809-A726-4D60-9844-94B513B7C667}"
EndProject
Project("{8BC9CEB8-8B4A-11D0-8D11-00A0C91BC942}") = "Containers", "EducationLibs\Containers\Containers.vcxproj", "{CD9A145B-E369-4BD8-A493-D29DD22BE188}"
EndProject
Project("{8BC9CEB8-8B4A-11D0-8D11-00A0C91BC942}") = "test_containers", "Tests\tests_containers\test_containers.vcxproj", "{7300B415-A056-49C9-AADA-1B2C2B8A0256}"
EndProject
Project("{8BC9CEB8-8B4A-11D0-8D11-00A0C91BC942}") = "Templates", "EducationLibs\Templates\Templates\Templates.vcxproj", "{CDB86D60-DDBF-497D-89C1-23D90F026032}"
EndProject
Project("{8BC9CEB8-8B4A-11D0-8D11-00A0C91BC942}") = "tests_templates", "Tests\tests_templates\tests_templates\tests_templates.vcxproj", "{EF130D38-7E83-431A-AACF-E2EE85D965A8}"
EndProject
Global
	GlobalSection(SolutionConfigurationPlatforms) = preSolution
		Debug|x64 = Debug|x64
		Debug|x86 = Debug|x86
		Release|x64 = Release|x64
		Release|x86 = Release|x86
	EndGlobalSection
	GlobalSection(ProjectConfigurationPlatforms) = postSolution
		{CA1FBDCC-453A-4318-8858-8A51D60261D1}.Debug|x64.ActiveCfg = Debug|x64
		{CA1FBDCC-453A-4318-8858-8A51D60261D1}.Debug|x64.Build.0 = Debug|x64
		{CA1FBDCC-453A-4318-8858-8A51D60261D1}.Debug|x86.ActiveCfg = Debug|Win32
		{CA1FBDCC-453A-4318-8858-8A51D60261D1}.Debug|x86.Build.0 = Debug|Win32
		{CA1FBDCC-453A-4318-8858-8A51D60261D1}.Release|x64.ActiveCfg = Release|x64
		{CA1FBDCC-453A-4318-8858-8A51D60261D1}.Release|x64.Build.0 = Release|x64
		{CA1FBDCC-453A-4318-8858-8A51D60261D1}.Release|x86.ActiveCfg = Release|Win32
		{CA1FBDCC-453A-4318-8858-8A51D60261D1}.Release|x86.Build.0 = Release|Win32
		{3917549A-462B-4032-9F66-AD80A48C0F85}.Debug|x64.ActiveCfg = Debug|x64
		{3917549A-462B-4032-9F66-AD80A48C0F85}.Debug|x64.Build.0 = Debug|x64
		{3917549A-462B-4032-9F66-AD80A48C0F85}.Debug|x86.ActiveCfg = Debug|Win32
		{3917549A-462B-4032-9F66-AD80A48C0F85}.Debug|x86.Build.0 = Debug|Win32
		{3917549A-462B-4032-9F66-AD80A48C0F85}.Release|x64.ActiveCfg = Release|x64
		{3917549A-462B-4032-9F66-AD80A48C0F85}.Release|x64.Build.0 = Release|x64
		{3917549A-462B-4032-9F66-AD80A48C0F85}.Release|x86.ActiveCfg = Release|Win32
		{3917549A-462B-4032-9F66-AD80A48C0F85}.Release|x86.Build.0 = Release|Win32
		{DF7D0870-B369-44B5-B4CA-38D302534D8C}.Debug|x64.ActiveCfg = Debug|x64
		{DF7D0870-B369-44B5-B4CA-38D302534D8C}.Debug|x64.Build.0 = Debug|x64
		{DF7D0870-B369-44B5-B4CA-38D302534D8C}.Debug|x86.ActiveCfg = Debug|Win32
		{DF7D0870-B369-44B5-B4CA-38D302534D8C}.Debug|x86.Build.0 = Debug|Win32
		{DF7D0870-B369-44B5-B4CA-38D302534D8C}.Release|x64.ActiveCfg = Release|x64
		{DF7D0870-B369-44B5-B4CA-38D302534D8C}.Release|x64.Build.0 = Release|x64
		{DF7D0870-B369-44B5-B4CA-38D302534D8C}.Release|x86.ActiveCfg = Release|Win32
		{DF7D0870-B369-44B5-B4CA-38D302534D8C}.Release|x86.Build.0 = Release|Win32
		{C24ACF7C-277B-43CC-83A3-1A9667D26A45}.Debug|x64.ActiveCfg = Debug|x64
		{C24ACF7C-277B-43CC-83A3-1A9667D26A45}.Debug|x64.Build.0 = Debug|x64
		{C24ACF7C-277B-43CC-83A3-1A9667D26A45}.Debug|x86.ActiveCfg = Debug|Win32
		{C24ACF7C-277B-43CC-83A3-1A9667D26A45}.Debug|x86.Build.0 = Debug|Win32
		{C24ACF7C-277B-43CC-83A3-1A9667D26A45}.Release|x64.ActiveCfg = Release|x64
		{C24ACF7C-277B-43CC-83A3-1A9667D26A45}.Release|x64.Build.0 = Release|x64
		{C24ACF7C-277B-43CC-83A3-1A9667D26A45}.Release|x86.ActiveCfg = Release|Win32
		{C24ACF7C-277B-43CC-83A3-1A9667D26A45}.Release|x86.Build.0 = Release|Win32
		{7DAE2809-A726-4D60-9844-94B513B7C667}.Debug|x64.ActiveCfg = Debug|x64
		{7DAE2809-A726-4D60-9844-94B513B7C667}.Debug|x64.Build.0 = Debug|x64
		{7DAE2809-A726-4D60-9844-94B513B7C667}.Debug|x86.ActiveCfg = Debug|Win32
		{7DAE2809-A726-4D60-9844-94B513B7C667}.Debug|x86.Build.0 = Debug|Win32
		{7DAE2809-A726-4D60-9844-94B513B7C667}.Release|x64.ActiveCfg = Release|x64
		{7DAE2809-A726-4D60-9844-94B513B7C667}.Release|x64.Build.0 = Release|x64
		{7DAE2809-A726-4D60-9844-94B513B7C667}.Release|x86.ActiveCfg = Release|Win32
		{7DAE2809-A726-4D60-9844-94B513B7C667}.Release|x86.Build.0 = Release|Win32
		{CD9A145B-E369-4BD8-A493-D29DD22BE188}.Debug|x64.ActiveCfg = Debug|x64
		{CD9A145B-E369-4BD8-A493-D29DD22BE188}.Debug|x64.Build.0 = Debug|x64
		{CD9A145B-E369-4BD8-A493-D29DD22BE188}.Debug|x86.ActiveCfg = Debug|Win32
		{CD9A145B-E369-4BD8-A493-D29DD22BE188}.Debug|x86.Build.0 = Debug|Win32
		{CD9A145B-E369-4BD8-A493-D29DD22BE188}.Release|x64.ActiveCfg = Release|x64
		{CD9A145B-E369-4BD8-A493-D29DD22BE188}.Release|x64.Build.0 = Release|x64
		{CD9A145B-E369-4BD8-A493-D29DD22BE188}.Release|x86.ActiveCfg = Release|Win32
		{CD9A145B-E369-4BD8-A493-D29DD22BE188}.Release|x86.Build.0 = Release|Win32
		{7300B415-A056-49C9-AADA-1B2C2B8A0256}.Debug|x64.ActiveCfg = Debug|Win32
		{7300B415-A056-49C9-AADA-1B2C2B8A0256}.Debug|x86.ActiveCfg = Debug|Win32
		{7300B415-A056-49C9-AADA-1B2C2B8A0256}.Debug|x86.Build.0 = Debug|Win32
		{7300B415-A056-49C9-AADA-1B2C2B8A0256}.Release|x64.ActiveCfg = Release|Win32
		{7300B415-A056-49C9-AADA-1B2C2B8A0256}.Release|x86.ActiveCfg = Release|Win32
		{7300B415-A056-49C9-AADA-1B2C2B8A0256}.Release|x86.Build.0 = Release|Win32
		{CDB86D60-DDBF-497D-89C1-23D90F026032}.Debug|x64.ActiveCfg = Debug|x64
		{CDB86D60-DDBF-497D-89C1-23D90F026032}.Debug|x64.Build.0 = Debug|x64
		{CDB86D60-DDBF-497D-89C1-23D90F026032}.Debug|x86.ActiveCfg = Debug|Win32
		{CDB86D60-DDBF-497D-89C1-23D90F026032}.Debug|x86.Build.0 = Debug|Win32
		{CDB86D60-DDBF-497D-89C1-23D90F026032}.Release|x64.ActiveCfg = Release|x64
		{CDB86D60-DDBF-497D-89C1-23D90F026032}.Release|x64.Build.0 = Release|x64
		{CDB86D60-DDBF-497D-89C1-23D90F026032}.Release|x86.ActiveCfg = Release|Win32
		{CDB86D60-DDBF-497D-89C1-23D90F026032}.Release|x86.Build.0 = Release|Win32
		{EF130D38-7E83-431A-AACF-E2EE85D965A8}.Debug|x64.ActiveCfg = Debug|x64
		{EF130D38-7E83-431A-AACF-E2EE85D965A8}.Debug|x64.Build.0 = Debug|x64
		{EF130D38-7E83-431A-AACF-E2EE85D965A8}.Debug|x86.ActiveCfg = Debug|Win32
		{EF130D38-7E83-431A-AACF-E2EE85D965A8}.Debug|x86.Build.0 = Debug|Win32
		{EF130D38-7E83-431A-AACF-E2EE85D965A8}.Release|x64.ActiveCfg = Release|x64
		{EF130D38-7E83-431A-AACF-E2EE85D965A8}.Release|x64.Build.0 = Release|x64
		{EF130D38-7E83-431A-AACF-E2EE85D965A8}.Release|x86.ActiveCfg = Release|Win32
		{EF130D38-7E83-431A-AACF-E2EE85D965A8}.Release|x86.Build.0 = Release|Win32
	EndGlobalSection
	GlobalSection(SolutionProperties) = preSolution
		HideSolutionNode = FALSE
	EndGlobalSection
	GlobalSection(NestedProjects) = preSolution
		{CA1FBDCC-453A-4318-8858-8A51D60261D1} = {A01550A2-1299-40C4-87B9-70D813E10701}
		{3917549A-462B-4032-9F66-AD80A48C0F85} = {EE9423D6-879C-4BD7-A25B-8E404812717A}
		{DF7D0870-B369-44B5-B4CA-38D302534D8C} = {EE9423D6-879C-4BD7-A25B-8E404812717A}
		{C24ACF7C-277B-43CC-83A3-1A9667D26A45} = {EE9423D6-879C-4BD7-A25B-8E404812717A}
		{7DAE2809-A726-4D60-9844-94B513B7C667} = {A01550A2-1299-40C4-87B9-70D813E10701}
		{CD9A145B-E369-4BD8-A493-D29DD22BE188} = {EE9423D6-879C-4BD7-A25B-8E404812717A}
		{7300B415-A056-49C9-AADA-1B2C2B8A0256} = {A01550A2-1299-40C4-87B9-70D813E10701}
		{CDB86D60-DDBF-497D-89C1-23D90F026032} = {EE9423D6-879C-4BD7-A25B-8E404812717A}
		{EF130D38-7E83-431A-AACF-E2EE85D965A8} = {A01550A2-1299-40C4-87B9-70D813E10701}
	EndGlobalSection
	GlobalSection(ExtensibilityGlobals) = postSolution
		SolutionGuid = {0D959572-D949-470B-A87E-E8A6AFF678F3}
	EndGlobalSection
EndGlobal
